{
  "name": "react-native-mirrar-sdk",
  "version": "1.0.0",
  "lockfileVersion": 2,
  "requires": true,
  "packages": {
    "": {
      "name": "react-native-mirrar-sdk",
      "version": "1.0.0",
      "license": "ISC",
      "dependencies": {
        "react-native-event-listeners": "^1.0.7",
        "react-native-webview": "^11.3.1"
      }
    },
    "node_modules/escape-string-regexp": {
      "version": "2.0.0",
      "resolved": "https://registry.npmjs.org/escape-string-regexp/-/escape-string-regexp-2.0.0.tgz",
      "integrity": "sha512-UpzcLCXolUWcNu5HtVMHYdXJjArjsF9C0aNnquZYY4uW/Vu0miy5YoWvbV345HauVvcAUnpRuhMMcqTcGOY2+w==",
      "engines": {
        "node": ">=8"
      }
    },
    "node_modules/invariant": {
      "version": "2.2.4",
      "resolved": "https://registry.npmjs.org/invariant/-/invariant-2.2.4.tgz",
      "integrity": "sha512-phJfQVBuaJM5raOpJjSfkiD6BpbCE4Ns//LaXl6wGYtUBY83nWS6Rf9tXm2e8VaK60JEjYldbPif/A2B1C2gNA==",
      "dependencies": {
        "loose-envify": "^1.0.0"
      }
    },
    "node_modules/js-tokens": {
      "version": "4.0.0",
      "resolved": "https://registry.npmjs.org/js-tokens/-/js-tokens-4.0.0.tgz",
      "integrity": "sha512-RdJUflcE3cUzKiMqQgsCu06FPu9UdIJO0beYbPhHN4k6apgJtifcoCtT9bcxOpYBtpD2kCM6Sbzg4CausW/PKQ=="
    },
    "node_modules/loose-envify": {
      "version": "1.4.0",
      "resolved": "https://registry.npmjs.org/loose-envify/-/loose-envify-1.4.0.tgz",
      "integrity": "sha512-lyuxPGr/Wfhrlem2CL/UcnUc1zcqKAImBDzukY7Y5F/yQiNdko6+fRLevlw1HgMySw7f611UIY408EtxRSoK3Q==",
      "dependencies": {
        "js-tokens": "^3.0.0 || ^4.0.0"
      },
      "bin": {
        "loose-envify": "cli.js"
      }
    },
    "node_modules/react-native-event-listeners": {
      "version": "1.0.7",
      "resolved": "https://registry.npmjs.org/react-native-event-listeners/-/react-native-event-listeners-1.0.7.tgz",
      "integrity": "sha512-yne2ldnqGtABnuN6VSPgs5afaHZZYIAGMoyBUJFn5O2t5t78eCbX9vNa3hvOIIwulKMkZVfqyRtYcSOrNMmMhg==",
      "dependencies": {
        "type-detect": "^4.0.8"
      }
    },
    "node_modules/react-native-webview": {
      "version": "11.3.1",
      "resolved": "https://registry.npmjs.org/react-native-webview/-/react-native-webview-11.3.1.tgz",
      "integrity": "sha512-qHvD2DVbUVSuRLU33RU4LbfISoJ3q5PWj4fuDcMgEYaEnlvOiOQqR/x5t9z4kdVZ83T+WG8ktp19F2uTCaOKRg==",
      "dependencies": {
        "escape-string-regexp": "2.0.0",
        "invariant": "2.2.4"
      }
    },
    "node_modules/type-detect": {
      "version": "4.0.8",
      "resolved": "https://registry.npmjs.org/type-detect/-/type-detect-4.0.8.tgz",
      "integrity": "sha512-0fr/mIH1dlO+x7TlcMy+bIDqKPsw/70tVyeHW787goQjhmqaZe10uwLujubK9q9Lg6Fiho1KUKDYz0Z7k7g5/g==",
      "engines": {
        "node": ">=4"
      }
    }
  },
  "dependencies": {
    "escape-string-regexp": {
      "version": "2.0.0",
      "resolved": "https://registry.npmjs.org/escape-string-regexp/-/escape-string-regexp-2.0.0.tgz",
      "integrity": "sha512-UpzcLCXolUWcNu5HtVMHYdXJjArjsF9C0aNnquZYY4uW/Vu0miy5YoWvbV345HauVvcAUnpRuhMMcqTcGOY2+w=="
    },
    "invariant": {
      "version": "2.2.4",
      "resolved": "https://registry.npmjs.org/invariant/-/invariant-2.2.4.tgz",
      "integrity": "sha512-phJfQVBuaJM5raOpJjSfkiD6BpbCE4Ns//LaXl6wGYtUBY83nWS6Rf9tXm2e8VaK60JEjYldbPif/A2B1C2gNA==",
      "requires": {
        "loose-envify": "^1.0.0"
      }
    },
    "js-tokens": {
      "version": "4.0.0",
      "resolved": "https://registry.npmjs.org/js-tokens/-/js-tokens-4.0.0.tgz",
      "integrity": "sha512-RdJUflcE3cUzKiMqQgsCu06FPu9UdIJO0beYbPhHN4k6apgJtifcoCtT9bcxOpYBtpD2kCM6Sbzg4CausW/PKQ=="
    },
    "loose-envify": {
      "version": "1.4.0",
      "resolved": "https://registry.npmjs.org/loose-envify/-/loose-envify-1.4.0.tgz",
      "integrity": "sha512-lyuxPGr/Wfhrlem2CL/UcnUc1zcqKAImBDzukY7Y5F/yQiNdko6+fRLevlw1HgMySw7f611UIY408EtxRSoK3Q==",
      "requires": {
        "js-tokens": "^3.0.0 || ^4.0.0"
      }
    },
    "react-native-event-listeners": {
      "version": "1.0.7",
      "resolved": "https://registry.npmjs.org/react-native-event-listeners/-/react-native-event-listeners-1.0.7.tgz",
      "integrity": "sha512-yne2ldnqGtABnuN6VSPgs5afaHZZYIAGMoyBUJFn5O2t5t78eCbX9vNa3hvOIIwulKMkZVfqyRtYcSOrNMmMhg==",
      "requires": {
        "type-detect": "^4.0.8"
      }
    },
    "react-native-webview": {
      "version": "11.3.1",
      "resolved": "https://registry.npmjs.org/react-native-webview/-/react-native-webview-11.3.1.tgz",
      "integrity": "sha512-qHvD2DVbUVSuRLU33RU4LbfISoJ3q5PWj4fuDcMgEYaEnlvOiOQqR/x5t9z4kdVZ83T+WG8ktp19F2uTCaOKRg==",
      "requires": {
        "escape-string-regexp": "2.0.0",
        "invariant": "2.2.4"
      }
    },
    "type-detect": {
      "version": "4.0.8",
      "resolved": "https://registry.npmjs.org/type-detect/-/type-detect-4.0.8.tgz",
      "integrity": "sha512-0fr/mIH1dlO+x7TlcMy+bIDqKPsw/70tVyeHW787goQjhmqaZe10uwLujubK9q9Lg6Fiho1KUKDYz0Z7k7g5/g=="
    }
  }
}
